
Microsoft Visual Studio Solution File, Format Version 12.00
# Visual Studio Version 16
VisualStudioVersion = 16.0.30309.148
MinimumVisualStudioVersion = 10.0.40219.1
Project("{FAE04EC0-301F-11D3-BF4B-00C04F79EFBC}") = "Completa_Contexto", "Completa_Contexto\Completa_Contexto.csproj", "{59BC58AF-CAE2-4206-929D-54A154487987}"
EndProject
Global
	GlobalSection(SolutionConfigurationPlatforms) = preSolution
		Debug|Any CPU = Debug|Any CPU
		Release|Any CPU = Release|Any CPU
	EndGlobalSection
	GlobalSection(ProjectConfigurationPlatforms) = postSolution
		{59BC58AF-CAE2-4206-929D-54A154487987}.Debug|Any CPU.ActiveCfg = Debug|Any CPU
		{59BC58AF-CAE2-4206-929D-54A154487987}.Debug|Any CPU.Build.0 = Debug|Any CPU
		{59BC58AF-CAE2-4206-929D-54A154487987}.Release|Any CPU.ActiveCfg = Release|Any CPU
		{59BC58AF-CAE2-4206-929D-54A154487987}.Release|Any CPU.Build.0 = Release|Any CPU
	EndGlobalSection
	GlobalSection(SolutionProperties) = preSolution
		HideSolutionNode = FALSE
	EndGlobalSection
	GlobalSection(ExtensibilityGlobals) = postSolution
		SolutionGuid = {DE61DDB2-6055-40A2-AA3C-4B3DC2D97E8B}
	EndGlobalSection
EndGlobal
